
Microsoft Visual Studio Solution File, Format Version 12.00
# Visual Studio Version 17
VisualStudioVersion = 17.9.34728.123
MinimumVisualStudioVersion = 10.0.40219.1
Project("{9A19103F-16F7-4668-BE54-9A1E7A4F7556}") = "SFTPManager", "SFTPManager\SFTPManager.csproj", "{ABB79E83-9098-4468-BE87-CDD9EDD96FFE}"
	ProjectSection(ProjectDependencies) = postProject
		{0CFA5E01-0265-466A-879F-FC3E3660D017} = {0CFA5E01-0265-466A-879F-FC3E3660D017}
		{4CD55888-9F31-4F24-ACEB-0A385448D77E} = {4CD55888-9F31-4F24-ACEB-0A385448D77E}
	EndProjectSection
EndProject
Project("{9A19103F-16F7-4668-BE54-9A1E7A4F7556}") = "SFTPManager.Models", "SFTPManager.Models\SFTPManager.Models.csproj", "{4CD55888-9F31-4F24-ACEB-0A385448D77E}"
EndProject
Project("{9A19103F-16F7-4668-BE54-9A1E7A4F7556}") = "SFTPManager.Core", "SFTPManager.Services\SFTPManager.Core.csproj", "{0CFA5E01-0265-466A-879F-FC3E3660D017}"
EndProject
Project("{9A19103F-16F7-4668-BE54-9A1E7A4F7556}") = "SFTPManager.Resources", "SFTPManager.Resources\SFTPManager.Resources.csproj", "{CFABBA58-A7CD-4350-87A5-22CE0D21E259}"
EndProject
Project("{9A19103F-16F7-4668-BE54-9A1E7A4F7556}") = "SFTPManager.Helpers", "SFTPManager.Helpers\SFTPManager.Helpers.csproj", "{152203A3-8ABD-4F88-AAC5-71DDAD922846}"
EndProject
Project("{9A19103F-16F7-4668-BE54-9A1E7A4F7556}") = "SFTPManager.ViewModels", "SFTPManager.ViewModels\SFTPManager.ViewModels.csproj", "{49E39EFD-DA2B-43A6-B45F-C072678D6723}"
EndProject
Project("{C7167F0D-BC9F-4E6E-AFE1-012C56B48DB5}") = "SFTPManager.Package", "SFTPManager.Package\SFTPManager.Package.wapproj", "{DE2F7E2C-DBBB-4499-A81B-8BA51CB80EFC}"
EndProject
Global
	GlobalSection(SolutionConfigurationPlatforms) = preSolution
		Debug|Any CPU = Debug|Any CPU
		Debug|ARM = Debug|ARM
		Debug|ARM64 = Debug|ARM64
		Debug|x64 = Debug|x64
		Debug|x86 = Debug|x86
		Release|Any CPU = Release|Any CPU
		Release|ARM = Release|ARM
		Release|ARM64 = Release|ARM64
		Release|x64 = Release|x64
		Release|x86 = Release|x86
	EndGlobalSection
	GlobalSection(ProjectConfigurationPlatforms) = postSolution
		{ABB79E83-9098-4468-BE87-CDD9EDD96FFE}.Debug|Any CPU.ActiveCfg = Debug|Any CPU
		{ABB79E83-9098-4468-BE87-CDD9EDD96FFE}.Debug|Any CPU.Build.0 = Debug|Any CPU
		{ABB79E83-9098-4468-BE87-CDD9EDD96FFE}.Debug|ARM.ActiveCfg = Debug|Any CPU
		{ABB79E83-9098-4468-BE87-CDD9EDD96FFE}.Debug|ARM.Build.0 = Debug|Any CPU
		{ABB79E83-9098-4468-BE87-CDD9EDD96FFE}.Debug|ARM64.ActiveCfg = Debug|Any CPU
		{ABB79E83-9098-4468-BE87-CDD9EDD96FFE}.Debug|ARM64.Build.0 = Debug|Any CPU
		{ABB79E83-9098-4468-BE87-CDD9EDD96FFE}.Debug|x64.ActiveCfg = Debug|Any CPU
		{ABB79E83-9098-4468-BE87-CDD9EDD96FFE}.Debug|x64.Build.0 = Debug|Any CPU
		{ABB79E83-9098-4468-BE87-CDD9EDD96FFE}.Debug|x86.ActiveCfg = Debug|Any CPU
		{ABB79E83-9098-4468-BE87-CDD9EDD96FFE}.Debug|x86.Build.0 = Debug|Any CPU
		{ABB79E83-9098-4468-BE87-CDD9EDD96FFE}.Release|Any CPU.ActiveCfg = Release|Any CPU
		{ABB79E83-9098-4468-BE87-CDD9EDD96FFE}.Release|Any CPU.Build.0 = Release|Any CPU
		{ABB79E83-9098-4468-BE87-CDD9EDD96FFE}.Release|ARM.ActiveCfg = Release|Any CPU
		{ABB79E83-9098-4468-BE87-CDD9EDD96FFE}.Release|ARM.Build.0 = Release|Any CPU
		{ABB79E83-9098-4468-BE87-CDD9EDD96FFE}.Release|ARM64.ActiveCfg = Release|Any CPU
		{ABB79E83-9098-4468-BE87-CDD9EDD96FFE}.Release|ARM64.Build.0 = Release|Any CPU
		{ABB79E83-9098-4468-BE87-CDD9EDD96FFE}.Release|x64.ActiveCfg = Release|Any CPU
		{ABB79E83-9098-4468-BE87-CDD9EDD96FFE}.Release|x64.Build.0 = Release|Any CPU
		{ABB79E83-9098-4468-BE87-CDD9EDD96FFE}.Release|x86.ActiveCfg = Release|Any CPU
		{ABB79E83-9098-4468-BE87-CDD9EDD96FFE}.Release|x86.Build.0 = Release|Any CPU
		{4CD55888-9F31-4F24-ACEB-0A385448D77E}.Debug|Any CPU.ActiveCfg = Debug|Any CPU
		{4CD55888-9F31-4F24-ACEB-0A385448D77E}.Debug|Any CPU.Build.0 = Debug|Any CPU
		{4CD55888-9F31-4F24-ACEB-0A385448D77E}.Debug|ARM.ActiveCfg = Debug|Any CPU
		{4CD55888-9F31-4F24-ACEB-0A385448D77E}.Debug|ARM.Build.0 = Debug|Any CPU
		{4CD55888-9F31-4F24-ACEB-0A385448D77E}.Debug|ARM64.ActiveCfg = Debug|Any CPU
		{4CD55888-9F31-4F24-ACEB-0A385448D77E}.Debug|ARM64.Build.0 = Debug|Any CPU
		{4CD55888-9F31-4F24-ACEB-0A385448D77E}.Debug|x64.ActiveCfg = Debug|Any CPU
		{4CD55888-9F31-4F24-ACEB-0A385448D77E}.Debug|x64.Build.0 = Debug|Any CPU
		{4CD55888-9F31-4F24-ACEB-0A385448D77E}.Debug|x86.ActiveCfg = Debug|Any CPU
		{4CD55888-9F31-4F24-ACEB-0A385448D77E}.Debug|x86.Build.0 = Debug|Any CPU
		{4CD55888-9F31-4F24-ACEB-0A385448D77E}.Release|Any CPU.ActiveCfg = Release|Any CPU
		{4CD55888-9F31-4F24-ACEB-0A385448D77E}.Release|Any CPU.Build.0 = Release|Any CPU
		{4CD55888-9F31-4F24-ACEB-0A385448D77E}.Release|ARM.ActiveCfg = Release|Any CPU
		{4CD55888-9F31-4F24-ACEB-0A385448D77E}.Release|ARM.Build.0 = Release|Any CPU
		{4CD55888-9F31-4F24-ACEB-0A385448D77E}.Release|ARM64.ActiveCfg = Release|Any CPU
		{4CD55888-9F31-4F24-ACEB-0A385448D77E}.Release|ARM64.Build.0 = Release|Any CPU
		{4CD55888-9F31-4F24-ACEB-0A385448D77E}.Release|x64.ActiveCfg = Release|Any CPU
		{4CD55888-9F31-4F24-ACEB-0A385448D77E}.Release|x64.Build.0 = Release|Any CPU
		{4CD55888-9F31-4F24-ACEB-0A385448D77E}.Release|x86.ActiveCfg = Release|Any CPU
		{4CD55888-9F31-4F24-ACEB-0A385448D77E}.Release|x86.Build.0 = Release|Any CPU
		{0CFA5E01-0265-466A-879F-FC3E3660D017}.Debug|Any CPU.ActiveCfg = Debug|Any CPU
		{0CFA5E01-0265-466A-879F-FC3E3660D017}.Debug|Any CPU.Build.0 = Debug|Any CPU
		{0CFA5E01-0265-466A-879F-FC3E3660D017}.Debug|ARM.ActiveCfg = Debug|Any CPU
		{0CFA5E01-0265-466A-879F-FC3E3660D017}.Debug|ARM.Build.0 = Debug|Any CPU
		{0CFA5E01-0265-466A-879F-FC3E3660D017}.Debug|ARM64.ActiveCfg = Debug|Any CPU
		{0CFA5E01-0265-466A-879F-FC3E3660D017}.Debug|ARM64.Build.0 = Debug|Any CPU
		{0CFA5E01-0265-466A-879F-FC3E3660D017}.Debug|x64.ActiveCfg = Debug|Any CPU
		{0CFA5E01-0265-466A-879F-FC3E3660D017}.Debug|x64.Build.0 = Debug|Any CPU
		{0CFA5E01-0265-466A-879F-FC3E3660D017}.Debug|x86.ActiveCfg = Debug|Any CPU
		{0CFA5E01-0265-466A-879F-FC3E3660D017}.Debug|x86.Build.0 = Debug|Any CPU
		{0CFA5E01-0265-466A-879F-FC3E3660D017}.Release|Any CPU.ActiveCfg = Release|Any CPU
		{0CFA5E01-0265-466A-879F-FC3E3660D017}.Release|Any CPU.Build.0 = Release|Any CPU
		{0CFA5E01-0265-466A-879F-FC3E3660D017}.Release|ARM.ActiveCfg = Release|Any CPU
		{0CFA5E01-0265-466A-879F-FC3E3660D017}.Release|ARM.Build.0 = Release|Any CPU
		{0CFA5E01-0265-466A-879F-FC3E3660D017}.Release|ARM64.ActiveCfg = Release|Any CPU
		{0CFA5E01-0265-466A-879F-FC3E3660D017}.Release|ARM64.Build.0 = Release|Any CPU
		{0CFA5E01-0265-466A-879F-FC3E3660D017}.Release|x64.ActiveCfg = Release|Any CPU
		{0CFA5E01-0265-466A-879F-FC3E3660D017}.Release|x64.Build.0 = Release|Any CPU
		{0CFA5E01-0265-466A-879F-FC3E3660D017}.Release|x86.ActiveCfg = Release|Any CPU
		{0CFA5E01-0265-466A-879F-FC3E3660D017}.Release|x86.Build.0 = Release|Any CPU
		{CFABBA58-A7CD-4350-87A5-22CE0D21E259}.Debug|Any CPU.ActiveCfg = Debug|Any CPU
		{CFABBA58-A7CD-4350-87A5-22CE0D21E259}.Debug|Any CPU.Build.0 = Debug|Any CPU
		{CFABBA58-A7CD-4350-87A5-22CE0D21E259}.Debug|ARM.ActiveCfg = Debug|Any CPU
		{CFABBA58-A7CD-4350-87A5-22CE0D21E259}.Debug|ARM.Build.0 = Debug|Any CPU
		{CFABBA58-A7CD-4350-87A5-22CE0D21E259}.Debug|ARM64.ActiveCfg = Debug|Any CPU
		{CFABBA58-A7CD-4350-87A5-22CE0D21E259}.Debug|ARM64.Build.0 = Debug|Any CPU
		{CFABBA58-A7CD-4350-87A5-22CE0D21E259}.Debug|x64.ActiveCfg = Debug|Any CPU
		{CFABBA58-A7CD-4350-87A5-22CE0D21E259}.Debug|x64.Build.0 = Debug|Any CPU
		{CFABBA58-A7CD-4350-87A5-22CE0D21E259}.Debug|x86.ActiveCfg = Debug|Any CPU
		{CFABBA58-A7CD-4350-87A5-22CE0D21E259}.Debug|x86.Build.0 = Debug|Any CPU
		{CFABBA58-A7CD-4350-87A5-22CE0D21E259}.Release|Any CPU.ActiveCfg = Release|Any CPU
		{CFABBA58-A7CD-4350-87A5-22CE0D21E259}.Release|Any CPU.Build.0 = Release|Any CPU
		{CFABBA58-A7CD-4350-87A5-22CE0D21E259}.Release|ARM.ActiveCfg = Release|Any CPU
		{CFABBA58-A7CD-4350-87A5-22CE0D21E259}.Release|ARM.Build.0 = Release|Any CPU
		{CFABBA58-A7CD-4350-87A5-22CE0D21E259}.Release|ARM64.ActiveCfg = Release|Any CPU
		{CFABBA58-A7CD-4350-87A5-22CE0D21E259}.Release|ARM64.Build.0 = Release|Any CPU
		{CFABBA58-A7CD-4350-87A5-22CE0D21E259}.Release|x64.ActiveCfg = Release|Any CPU
		{CFABBA58-A7CD-4350-87A5-22CE0D21E259}.Release|x64.Build.0 = Release|Any CPU
		{CFABBA58-A7CD-4350-87A5-22CE0D21E259}.Release|x86.ActiveCfg = Release|Any CPU
		{CFABBA58-A7CD-4350-87A5-22CE0D21E259}.Release|x86.Build.0 = Release|Any CPU
		{152203A3-8ABD-4F88-AAC5-71DDAD922846}.Debug|Any CPU.ActiveCfg = Debug|Any CPU
		{152203A3-8ABD-4F88-AAC5-71DDAD922846}.Debug|Any CPU.Build.0 = Debug|Any CPU
		{152203A3-8ABD-4F88-AAC5-71DDAD922846}.Debug|ARM.ActiveCfg = Debug|Any CPU
		{152203A3-8ABD-4F88-AAC5-71DDAD922846}.Debug|ARM.Build.0 = Debug|Any CPU
		{152203A3-8ABD-4F88-AAC5-71DDAD922846}.Debug|ARM64.ActiveCfg = Debug|Any CPU
		{152203A3-8ABD-4F88-AAC5-71DDAD922846}.Debug|ARM64.Build.0 = Debug|Any CPU
		{152203A3-8ABD-4F88-AAC5-71DDAD922846}.Debug|x64.ActiveCfg = Debug|Any CPU
		{152203A3-8ABD-4F88-AAC5-71DDAD922846}.Debug|x64.Build.0 = Debug|Any CPU
		{152203A3-8ABD-4F88-AAC5-71DDAD922846}.Debug|x86.ActiveCfg = Debug|Any CPU
		{152203A3-8ABD-4F88-AAC5-71DDAD922846}.Debug|x86.Build.0 = Debug|Any CPU
		{152203A3-8ABD-4F88-AAC5-71DDAD922846}.Release|Any CPU.ActiveCfg = Release|Any CPU
		{152203A3-8ABD-4F88-AAC5-71DDAD922846}.Release|Any CPU.Build.0 = Release|Any CPU
		{152203A3-8ABD-4F88-AAC5-71DDAD922846}.Release|ARM.ActiveCfg = Release|Any CPU
		{152203A3-8ABD-4F88-AAC5-71DDAD922846}.Release|ARM.Build.0 = Release|Any CPU
		{152203A3-8ABD-4F88-AAC5-71DDAD922846}.Release|ARM64.ActiveCfg = Release|Any CPU
		{152203A3-8ABD-4F88-AAC5-71DDAD922846}.Release|ARM64.Build.0 = Release|Any CPU
		{152203A3-8ABD-4F88-AAC5-71DDAD922846}.Release|x64.ActiveCfg = Release|Any CPU
		{152203A3-8ABD-4F88-AAC5-71DDAD922846}.Release|x64.Build.0 = Release|Any CPU
		{152203A3-8ABD-4F88-AAC5-71DDAD922846}.Release|x86.ActiveCfg = Release|Any CPU
		{152203A3-8ABD-4F88-AAC5-71DDAD922846}.Release|x86.Build.0 = Release|Any CPU
		{49E39EFD-DA2B-43A6-B45F-C072678D6723}.Debug|Any CPU.ActiveCfg = Debug|Any CPU
		{49E39EFD-DA2B-43A6-B45F-C072678D6723}.Debug|Any CPU.Build.0 = Debug|Any CPU
		{49E39EFD-DA2B-43A6-B45F-C072678D6723}.Debug|ARM.ActiveCfg = Debug|Any CPU
		{49E39EFD-DA2B-43A6-B45F-C072678D6723}.Debug|ARM.Build.0 = Debug|Any CPU
		{49E39EFD-DA2B-43A6-B45F-C072678D6723}.Debug|ARM64.ActiveCfg = Debug|Any CPU
		{49E39EFD-DA2B-43A6-B45F-C072678D6723}.Debug|ARM64.Build.0 = Debug|Any CPU
		{49E39EFD-DA2B-43A6-B45F-C072678D6723}.Debug|x64.ActiveCfg = Debug|Any CPU
		{49E39EFD-DA2B-43A6-B45F-C072678D6723}.Debug|x64.Build.0 = Debug|Any CPU
		{49E39EFD-DA2B-43A6-B45F-C072678D6723}.Debug|x86.ActiveCfg = Debug|Any CPU
		{49E39EFD-DA2B-43A6-B45F-C072678D6723}.Debug|x86.Build.0 = Debug|Any CPU
		{49E39EFD-DA2B-43A6-B45F-C072678D6723}.Release|Any CPU.ActiveCfg = Release|Any CPU
		{49E39EFD-DA2B-43A6-B45F-C072678D6723}.Release|Any CPU.Build.0 = Release|Any CPU
		{49E39EFD-DA2B-43A6-B45F-C072678D6723}.Release|ARM.ActiveCfg = Release|Any CPU
		{49E39EFD-DA2B-43A6-B45F-C072678D6723}.Release|ARM.Build.0 = Release|Any CPU
		{49E39EFD-DA2B-43A6-B45F-C072678D6723}.Release|ARM64.ActiveCfg = Release|Any CPU
		{49E39EFD-DA2B-43A6-B45F-C072678D6723}.Release|ARM64.Build.0 = Release|Any CPU
		{49E39EFD-DA2B-43A6-B45F-C072678D6723}.Release|x64.ActiveCfg = Release|Any CPU
		{49E39EFD-DA2B-43A6-B45F-C072678D6723}.Release|x64.Build.0 = Release|Any CPU
		{49E39EFD-DA2B-43A6-B45F-C072678D6723}.Release|x86.ActiveCfg = Release|Any CPU
		{49E39EFD-DA2B-43A6-B45F-C072678D6723}.Release|x86.Build.0 = Release|Any CPU
		{DE2F7E2C-DBBB-4499-A81B-8BA51CB80EFC}.Debug|Any CPU.ActiveCfg = Debug|Any CPU
		{DE2F7E2C-DBBB-4499-A81B-8BA51CB80EFC}.Debug|Any CPU.Build.0 = Debug|Any CPU
		{DE2F7E2C-DBBB-4499-A81B-8BA51CB80EFC}.Debug|Any CPU.Deploy.0 = Debug|Any CPU
		{DE2F7E2C-DBBB-4499-A81B-8BA51CB80EFC}.Debug|ARM.ActiveCfg = Debug|ARM
		{DE2F7E2C-DBBB-4499-A81B-8BA51CB80EFC}.Debug|ARM.Build.0 = Debug|ARM
		{DE2F7E2C-DBBB-4499-A81B-8BA51CB80EFC}.Debug|ARM.Deploy.0 = Debug|ARM
		{DE2F7E2C-DBBB-4499-A81B-8BA51CB80EFC}.Debug|ARM64.ActiveCfg = Debug|ARM64
		{DE2F7E2C-DBBB-4499-A81B-8BA51CB80EFC}.Debug|ARM64.Build.0 = Debug|ARM64
		{DE2F7E2C-DBBB-4499-A81B-8BA51CB80EFC}.Debug|ARM64.Deploy.0 = Debug|ARM64
		{DE2F7E2C-DBBB-4499-A81B-8BA51CB80EFC}.Debug|x64.ActiveCfg = Debug|x64
		{DE2F7E2C-DBBB-4499-A81B-8BA51CB80EFC}.Debug|x64.Build.0 = Debug|x64
		{DE2F7E2C-DBBB-4499-A81B-8BA51CB80EFC}.Debug|x64.Deploy.0 = Debug|x64
		{DE2F7E2C-DBBB-4499-A81B-8BA51CB80EFC}.Debug|x86.ActiveCfg = Debug|x86
		{DE2F7E2C-DBBB-4499-A81B-8BA51CB80EFC}.Debug|x86.Build.0 = Debug|x86
		{DE2F7E2C-DBBB-4499-A81B-8BA51CB80EFC}.Debug|x86.Deploy.0 = Debug|x86
		{DE2F7E2C-DBBB-4499-A81B-8BA51CB80EFC}.Release|Any CPU.ActiveCfg = Release|Any CPU
		{DE2F7E2C-DBBB-4499-A81B-8BA51CB80EFC}.Release|Any CPU.Build.0 = Release|Any CPU
		{DE2F7E2C-DBBB-4499-A81B-8BA51CB80EFC}.Release|Any CPU.Deploy.0 = Release|Any CPU
		{DE2F7E2C-DBBB-4499-A81B-8BA51CB80EFC}.Release|ARM.ActiveCfg = Release|ARM
		{DE2F7E2C-DBBB-4499-A81B-8BA51CB80EFC}.Release|ARM.Build.0 = Release|ARM
		{DE2F7E2C-DBBB-4499-A81B-8BA51CB80EFC}.Release|ARM.Deploy.0 = Release|ARM
		{DE2F7E2C-DBBB-4499-A81B-8BA51CB80EFC}.Release|ARM64.ActiveCfg = Release|ARM64
		{DE2F7E2C-DBBB-4499-A81B-8BA51CB80EFC}.Release|ARM64.Build.0 = Release|ARM64
		{DE2F7E2C-DBBB-4499-A81B-8BA51CB80EFC}.Release|ARM64.Deploy.0 = Release|ARM64
		{DE2F7E2C-DBBB-4499-A81B-8BA51CB80EFC}.Release|x64.ActiveCfg = Release|x64
		{DE2F7E2C-DBBB-4499-A81B-8BA51CB80EFC}.Release|x64.Build.0 = Release|x64
		{DE2F7E2C-DBBB-4499-A81B-8BA51CB80EFC}.Release|x64.Deploy.0 = Release|x64
		{DE2F7E2C-DBBB-4499-A81B-8BA51CB80EFC}.Release|x86.ActiveCfg = Release|x86
		{DE2F7E2C-DBBB-4499-A81B-8BA51CB80EFC}.Release|x86.Build.0 = Release|x86
		{DE2F7E2C-DBBB-4499-A81B-8BA51CB80EFC}.Release|x86.Deploy.0 = Release|x86
	EndGlobalSection
	GlobalSection(SolutionProperties) = preSolution
		HideSolutionNode = FALSE
	EndGlobalSection
	GlobalSection(ExtensibilityGlobals) = postSolution
		SolutionGuid = {09929F88-74F1-4B6F-AFD5-8712659BC546}
	EndGlobalSection
EndGlobal
